
Microsoft Visual Studio Solution File, Format Version 12.00
# Visual Studio Version 16
VisualStudioVersion = 16.0.30907.101
MinimumVisualStudioVersion = 10.0.40219.1
Project("{FAE04EC0-301F-11D3-BF4B-00C04F79EFBC}") = "AdventureStory", "AdventureStory\AdventureStory.csproj", "{66DEC486-BB67-4B39-9302-5E53FE1AF644}"
EndProject
Global
	GlobalSection(SolutionConfigurationPlatforms) = preSolution
		Debug|Any CPU = Debug|Any CPU
		Release|Any CPU = Release|Any CPU
	EndGlobalSection
	GlobalSection(ProjectConfigurationPlatforms) = postSolution
		{66DEC486-BB67-4B39-9302-5E53FE1AF644}.Debug|Any CPU.ActiveCfg = Debug|Any CPU
		{66DEC486-BB67-4B39-9302-5E53FE1AF644}.Debug|Any CPU.Build.0 = Debug|Any CPU
		{66DEC486-BB67-4B39-9302-5E53FE1AF644}.Release|Any CPU.ActiveCfg = Release|Any CPU
		{66DEC486-BB67-4B39-9302-5E53FE1AF644}.Release|Any CPU.Build.0 = Release|Any CPU
	EndGlobalSection
	GlobalSection(SolutionProperties) = preSolution
		HideSolutionNode = FALSE
	EndGlobalSection
	GlobalSection(ExtensibilityGlobals) = postSolution
		SolutionGuid = {36BD2C00-5584-40AF-B7FB-841231A733DC}
	EndGlobalSection
EndGlobal
